
Microsoft Visual Studio Solution File, Format Version 12.00
# Visual Studio Version 17
VisualStudioVersion = 17.5.33516.290
MinimumVisualStudioVersion = 10.0.40219.1
Project("{FAE04EC0-301F-11D3-BF4B-00C04F79EFBC}") = "clientDOTNET_GUI", "clientDOTNET_GUI.csproj", "{D2F4AAE0-4A04-42CB-82DD-A54607621B22}"
EndProject
Global
	GlobalSection(SolutionConfigurationPlatforms) = preSolution
		Debug|Any CPU = Debug|Any CPU
		Release|Any CPU = Release|Any CPU
	EndGlobalSection
	GlobalSection(ProjectConfigurationPlatforms) = postSolution
		{D2F4AAE0-4A04-42CB-82DD-A54607621B22}.Debug|Any CPU.ActiveCfg = Debug|Any CPU
		{D2F4AAE0-4A04-42CB-82DD-A54607621B22}.Debug|Any CPU.Build.0 = Debug|Any CPU
		{D2F4AAE0-4A04-42CB-82DD-A54607621B22}.Release|Any CPU.ActiveCfg = Release|Any CPU
		{D2F4AAE0-4A04-42CB-82DD-A54607621B22}.Release|Any CPU.Build.0 = Release|Any CPU
	EndGlobalSection
	GlobalSection(SolutionProperties) = preSolution
		HideSolutionNode = FALSE
	EndGlobalSection
	GlobalSection(ExtensibilityGlobals) = postSolution
		SolutionGuid = {A2B95713-1968-4865-9298-3825B5768F99}
	EndGlobalSection
EndGlobal
