
Microsoft Visual Studio Solution File, Format Version 12.00
# Visual Studio Version 17
VisualStudioVersion = 17.5.33516.290
MinimumVisualStudioVersion = 10.0.40219.1
Project("{FAE04EC0-301F-11D3-BF4B-00C04F79EFBC}") = "clientDOTNET", "clientDOTNET.csproj", "{5BD7072D-A9CC-45D8-B62A-62FA70803F5C}"
EndProject
Global
	GlobalSection(SolutionConfigurationPlatforms) = preSolution
		Debug|Any CPU = Debug|Any CPU
		Release|Any CPU = Release|Any CPU
	EndGlobalSection
	GlobalSection(ProjectConfigurationPlatforms) = postSolution
		{5BD7072D-A9CC-45D8-B62A-62FA70803F5C}.Debug|Any CPU.ActiveCfg = Debug|Any CPU
		{5BD7072D-A9CC-45D8-B62A-62FA70803F5C}.Debug|Any CPU.Build.0 = Debug|Any CPU
		{5BD7072D-A9CC-45D8-B62A-62FA70803F5C}.Release|Any CPU.ActiveCfg = Release|Any CPU
		{5BD7072D-A9CC-45D8-B62A-62FA70803F5C}.Release|Any CPU.Build.0 = Release|Any CPU
	EndGlobalSection
	GlobalSection(SolutionProperties) = preSolution
		HideSolutionNode = FALSE
	EndGlobalSection
	GlobalSection(ExtensibilityGlobals) = postSolution
		SolutionGuid = {02F644EB-C1C7-41D1-B85A-57C7D419ACE0}
	EndGlobalSection
EndGlobal
